// !$*UTF8*$!
{
	archiveVersion = 1;
	classes = {
	};
	objectVersion = 56;
	objects = {

/* Begin PBXBuildFile section */
		160B44142AFD965B00D478A8 /* DiagnosticsApp.swift in Sources */ = {isa = PBXBuildFile; fileRef = 160B44132AFD965B00D478A8 /* DiagnosticsApp.swift */; };
		160B44162AFD965B00D478A8 /* ContentView.swift in Sources */ = {isa = PBXBuildFile; fileRef = 160B44152AFD965B00D478A8 /* ContentView.swift */; };
		160B44182AFD965B00D478A8 /* Item.swift in Sources */ = {isa = PBXBuildFile; fileRef = 160B44172AFD965B00D478A8 /* Item.swift */; };
		160B441A2AFD965D00D478A8 /* Assets.xcassets in Resources */ = {isa = PBXBuildFile; fileRef = 160B44192AFD965D00D478A8 /* Assets.xcassets */; };
		160B441E2AFD965D00D478A8 /* Preview Assets.xcassets in Resources */ = {isa = PBXBuildFile; fileRef = 160B441D2AFD965D00D478A8 /* Preview Assets.xcassets */; };
		160B44282AFD965D00D478A8 /* DiagnosticsTests.swift in Sources */ = {isa = PBXBuildFile; fileRef = 160B44272AFD965D00D478A8 /* DiagnosticsTests.swift */; };
		160B44322AFD965D00D478A8 /* DiagnosticsUITests.swift in Sources */ = {isa = PBXBuildFile; fileRef = 160B44312AFD965D00D478A8 /* DiagnosticsUITests.swift */; };
		160B44342AFD965D00D478A8 /* DiagnosticsUITestsLaunchTests.swift in Sources */ = {isa = PBXBuildFile; fileRef = 160B44332AFD965D00D478A8 /* DiagnosticsUITestsLaunchTests.swift */; };
/* End PBXBuildFile section */

/* Begin PBXContainerItemProxy section */
		160B44242AFD965D00D478A8 /* PBXContainerItemProxy */ = {
			isa = PBXContainerItemProxy;
			containerPortal = 160B44082AFD965B00D478A8 /* Project object */;
			proxyType = 1;
			remoteGlobalIDString = 160B440F2AFD965B00D478A8;
			remoteInfo = Diagnostics;
		};
		160B442E2AFD965D00D478A8 /* PBXContainerItemProxy */ = {
			isa = PBXContainerItemProxy;
			containerPortal = 160B44082AFD965B00D478A8 /* Project object */;
			proxyType = 1;
			remoteGlobalIDString = 160B440F2AFD965B00D478A8;
			remoteInfo = Diagnostics;
		};
/* End PBXContainerItemProxy section */

/* Begin PBXFileReference section */
		160B44102AFD965B00D478A8 /* Diagnostics.app */ = {isa = PBXFileReference; explicitFileType = wrapper.application; includeInIndex = 0; path = Diagnostics.app; sourceTree = BUILT_PRODUCTS_DIR; };
		160B44132AFD965B00D478A8 /* DiagnosticsApp.swift */ = {isa = PBXFileReference; lastKnownFileType = sourcecode.swift; path = DiagnosticsApp.swift; sourceTree = "<group>"; };
		160B44152AFD965B00D478A8 /* ContentView.swift */ = {isa = PBXFileReference; lastKnownFileType = sourcecode.swift; path = ContentView.swift; sourceTree = "<group>"; };
		160B44172AFD965B00D478A8 /* Item.swift */ = {isa = PBXFileReference; lastKnownFileType = sourcecode.swift; path = Item.swift; sourceTree = "<group>"; };
		160B44192AFD965D00D478A8 /* Assets.xcassets */ = {isa = PBXFileReference; lastKnownFileType = folder.assetcatalog; path = Assets.xcassets; sourceTree = "<group>"; };
		160B441B2AFD965D00D478A8 /* Diagnostics.entitlements */ = {isa = PBXFileReference; lastKnownFileType = text.plist.entitlements; path = Diagnostics.entitlements; sourceTree = "<group>"; };
		160B441D2AFD965D00D478A8 /* Preview Assets.xcassets */ = {isa = PBXFileReference; lastKnownFileType = folder.assetcatalog; path = "Preview Assets.xcassets"; sourceTree = "<group>"; };
		160B44232AFD965D00D478A8 /* DiagnosticsTests.xctest */ = {isa = PBXFileReference; explicitFileType = wrapper.cfbundle; includeInIndex = 0; path = DiagnosticsTests.xctest; sourceTree = BUILT_PRODUCTS_DIR; };
		160B44272AFD965D00D478A8 /* DiagnosticsTests.swift */ = {isa = PBXFileReference; lastKnownFileType = sourcecode.swift; path = DiagnosticsTests.swift; sourceTree = "<group>"; };
		160B442D2AFD965D00D478A8 /* DiagnosticsUITests.xctest */ = {isa = PBXFileReference; explicitFileType = wrapper.cfbundle; includeInIndex = 0; path = DiagnosticsUITests.xctest; sourceTree = BUILT_PRODUCTS_DIR; };
		160B44312AFD965D00D478A8 /* DiagnosticsUITests.swift */ = {isa = PBXFileReference; lastKnownFileType = sourcecode.swift; path = DiagnosticsUITests.swift; sourceTree = "<group>"; };
		160B44332AFD965D00D478A8 /* DiagnosticsUITestsLaunchTests.swift */ = {isa = PBXFileReference; lastKnownFileType = sourcecode.swift; path = DiagnosticsUITestsLaunchTests.swift; sourceTree = "<group>"; };
/* End PBXFileReference section */

/* Begin PBXFrameworksBuildPhase section */
		160B440D2AFD965B00D478A8 /* Frameworks */ = {
			isa = PBXFrameworksBuildPhase;
			buildActionMask = 2147483647;
			files = (
			);
			runOnlyForDeploymentPostprocessing = 0;
		};
		160B44202AFD965D00D478A8 /* Frameworks */ = {
			isa = PBXFrameworksBuildPhase;
			buildActionMask = 2147483647;
			files = (
			);
			runOnlyForDeploymentPostprocessing = 0;
		};
		160B442A2AFD965D00D478A8 /* Frameworks */ = {
			isa = PBXFrameworksBuildPhase;
			buildActionMask = 2147483647;
			files = (
			);
			runOnlyForDeploymentPostprocessing = 0;
		};
/* End PBXFrameworksBuildPhase section */

/* Begin PBXGroup section */
		160B44072AFD965B00D478A8 = {
			isa = PBXGroup;
			children = (
				160B44122AFD965B00D478A8 /* Diagnostics */,
				160B44262AFD965D00D478A8 /* DiagnosticsTests */,
				160B44302AFD965D00D478A8 /* DiagnosticsUITests */,
				160B44112AFD965B00D478A8 /* Products */,
			);
			sourceTree = "<group>";
		};
		160B44112AFD965B00D478A8 /* Products */ = {
			isa = PBXGroup;
			children = (
				160B44102AFD965B00D478A8 /* Diagnostics.app */,
				160B44232AFD965D00D478A8 /* DiagnosticsTests.xctest */,
				160B442D2AFD965D00D478A8 /* DiagnosticsUITests.xctest */,
			);
			name = Products;
			sourceTree = "<group>";
		};
		160B44122AFD965B00D478A8 /* Diagnostics */ = {
			isa = PBXGroup;
			children = (
				160B44132AFD965B00D478A8 /* DiagnosticsApp.swift */,
				160B44152AFD965B00D478A8 /* ContentView.swift */,
				160B44172AFD965B00D478A8 /* Item.swift */,
				160B44192AFD965D00D478A8 /* Assets.xcassets */,
				160B441B2AFD965D00D478A8 /* Diagnostics.entitlements */,
				160B441C2AFD965D00D478A8 /* Preview Content */,
			);
			path = Diagnostics;
			sourceTree = "<group>";
		};
		160B441C2AFD965D00D478A8 /* Preview Content */ = {
			isa = PBXGroup;
			children = (
				160B441D2AFD965D00D478A8 /* Preview Assets.xcassets */,
			);
			path = "Preview Content";
			sourceTree = "<group>";
		};
		160B44262AFD965D00D478A8 /* DiagnosticsTests */ = {
			isa = PBXGroup;
			children = (
				160B44272AFD965D00D478A8 /* DiagnosticsTests.swift */,
			);
			path = DiagnosticsTests;
			sourceTree = "<group>";
		};
		160B44302AFD965D00D478A8 /* DiagnosticsUITests */ = {
			isa = PBXGroup;
			children = (
				160B44312AFD965D00D478A8 /* DiagnosticsUITests.swift */,
				160B44332AFD965D00D478A8 /* DiagnosticsUITestsLaunchTests.swift */,
			);
			path = DiagnosticsUITests;
			sourceTree = "<group>";
		};
/* End PBXGroup section */

/* Begin PBXNativeTarget section */
		160B440F2AFD965B00D478A8 /* Diagnostics */ = {
			isa = PBXNativeTarget;
			buildConfigurationList = 160B44372AFD965D00D478A8 /* Build configuration list for PBXNativeTarget "Diagnostics" */;
			buildPhases = (
				160B440C2AFD965B00D478A8 /* Sources */,
				160B440D2AFD965B00D478A8 /* Frameworks */,
				160B440E2AFD965B00D478A8 /* Resources */,
			);
			buildRules = (
			);
			dependencies = (
			);
			name = Diagnostics;
			productName = Diagnostics;
			productReference = 160B44102AFD965B00D478A8 /* Diagnostics.app */;
			productType = "com.apple.product-type.application";
		};
		160B44222AFD965D00D478A8 /* DiagnosticsTests */ = {
			isa = PBXNativeTarget;
			buildConfigurationList = 160B443A2AFD965D00D478A8 /* Build configuration list for PBXNativeTarget "DiagnosticsTests" */;
			buildPhases = (
				160B441F2AFD965D00D478A8 /* Sources */,
				160B44202AFD965D00D478A8 /* Frameworks */,
				160B44212AFD965D00D478A8 /* Resources */,
			);
			buildRules = (
			);
			dependencies = (
				160B44252AFD965D00D478A8 /* PBXTargetDependency */,
			);
			name = DiagnosticsTests;
			productName = DiagnosticsTests;
			productReference = 160B44232AFD965D00D478A8 /* DiagnosticsTests.xctest */;
			productType = "com.apple.product-type.bundle.unit-test";
		};
		160B442C2AFD965D00D478A8 /* DiagnosticsUITests */ = {
			isa = PBXNativeTarget;
			buildConfigurationList = 160B443D2AFD965D00D478A8 /* Build configuration list for PBXNativeTarget "DiagnosticsUITests" */;
			buildPhases = (
				160B44292AFD965D00D478A8 /* Sources */,
				160B442A2AFD965D00D478A8 /* Frameworks */,
				160B442B2AFD965D00D478A8 /* Resources */,
			);
			buildRules = (
			);
			dependencies = (
				160B442F2AFD965D00D478A8 /* PBXTargetDependency */,
			);
			name = DiagnosticsUITests;
			productName = DiagnosticsUITests;
			productReference = 160B442D2AFD965D00D478A8 /* DiagnosticsUITests.xctest */;
			productType = "com.apple.product-type.bundle.ui-testing";
		};
/* End PBXNativeTarget section */

/* Begin PBXProject section */
		160B44082AFD965B00D478A8 /* Project object */ = {
			isa = PBXProject;
			attributes = {
				BuildIndependentTargetsInParallel = 1;
				LastSwiftUpdateCheck = 1500;
				LastUpgradeCheck = 1500;
				TargetAttributes = {
					160B440F2AFD965B00D478A8 = {
						CreatedOnToolsVersion = 15.0.1;
					};
					160B44222AFD965D00D478A8 = {
						CreatedOnToolsVersion = 15.0.1;
						TestTargetID = 160B440F2AFD965B00D478A8;
					};
					160B442C2AFD965D00D478A8 = {
						CreatedOnToolsVersion = 15.0.1;
						TestTargetID = 160B440F2AFD965B00D478A8;
					};
				};
			};
			buildConfigurationList = 160B440B2AFD965B00D478A8 /* Build configuration list for PBXProject "Diagnostics" */;
			compatibilityVersion = "Xcode 14.0";
			developmentRegion = en;
			hasScannedForEncodings = 0;
			knownRegions = (
				en,
				Base,
			);
			mainGroup = 160B44072AFD965B00D478A8;
			productRefGroup = 160B44112AFD965B00D478A8 /* Products */;
			projectDirPath = "";
			projectRoot = "";
			targets = (
				160B440F2AFD965B00D478A8 /* Diagnostics */,
				160B44222AFD965D00D478A8 /* DiagnosticsTests */,
				160B442C2AFD965D00D478A8 /* DiagnosticsUITests */,
			);
		};
/* End PBXProject section */

/* Begin PBXResourcesBuildPhase section */
		160B440E2AFD965B00D478A8 /* Resources */ = {
			isa = PBXResourcesBuildPhase;
			buildActionMask = 2147483647;
			files = (
				160B441E2AFD965D00D478A8 /* Preview Assets.xcassets in Resources */,
				160B441A2AFD965D00D478A8 /* Assets.xcassets in Resources */,
			);
			runOnlyForDeploymentPostprocessing = 0;
		};
		160B44212AFD965D00D478A8 /* Resources */ = {
			isa = PBXResourcesBuildPhase;
			buildActionMask = 2147483647;
			files = (
			);
			runOnlyForDeploymentPostprocessing = 0;
		};
		160B442B2AFD965D00D478A8 /* Resources */ = {
			isa = PBXResourcesBuildPhase;
			buildActionMask = 2147483647;
			files = (
			);
			runOnlyForDeploymentPostprocessing = 0;
		};
/* End PBXResourcesBuildPhase section */

/* Begin PBXSourcesBuildPhase section */
		160B440C2AFD965B00D478A8 /* Sources */ = {
			isa = PBXSourcesBuildPhase;
			buildActionMask = 2147483647;
			files = (
				160B44162AFD965B00D478A8 /* ContentView.swift in Sources */,
				160B44182AFD965B00D478A8 /* Item.swift in Sources */,
				160B44142AFD965B00D478A8 /* DiagnosticsApp.swift in Sources */,
			);
			runOnlyForDeploymentPostprocessing = 0;
		};
		160B441F2AFD965D00D478A8 /* Sources */ = {
			isa = PBXSourcesBuildPhase;
			buildActionMask = 2147483647;
			files = (
				160B44282AFD965D00D478A8 /* DiagnosticsTests.swift in Sources */,
			);
			runOnlyForDeploymentPostprocessing = 0;
		};
		160B44292AFD965D00D478A8 /* Sources */ = {
			isa = PBXSourcesBuildPhase;
			buildActionMask = 2147483647;
			files = (
				160B44322AFD965D00D478A8 /* DiagnosticsUITests.swift in Sources */,
				160B44342AFD965D00D478A8 /* DiagnosticsUITestsLaunchTests.swift in Sources */,
			);
			runOnlyForDeploymentPostprocessing = 0;
		};
/* End PBXSourcesBuildPhase section */

/* Begin PBXTargetDependency section */
		160B44252AFD965D00D478A8 /* PBXTargetDependency */ = {
			isa = PBXTargetDependency;
			target = 160B440F2AFD965B00D478A8 /* Diagnostics */;
			targetProxy = 160B44242AFD965D00D478A8 /* PBXContainerItemProxy */;
		};
		160B442F2AFD965D00D478A8 /* PBXTargetDependency */ = {
			isa = PBXTargetDependency;
			target = 160B440F2AFD965B00D478A8 /* Diagnostics */;
			targetProxy = 160B442E2AFD965D00D478A8 /* PBXContainerItemProxy */;
		};
/* End PBXTargetDependency section */

/* Begin XCBuildConfiguration section */
		160B44352AFD965D00D478A8 /* Debug */ = {
			isa = XCBuildConfiguration;
			buildSettings = {
				ALWAYS_SEARCH_USER_PATHS = NO;
				ASSETCATALOG_COMPILER_GENERATE_SWIFT_ASSET_SYMBOL_EXTENSIONS = YES;
				CLANG_ANALYZER_NONNULL = YES;
				CLANG_ANALYZER_NUMBER_OBJECT_CONVERSION = YES_AGGRESSIVE;
				CLANG_CXX_LANGUAGE_STANDARD = "gnu++20";
				CLANG_ENABLE_MODULES = YES;
				CLANG_ENABLE_OBJC_ARC = YES;
				CLANG_ENABLE_OBJC_WEAK = YES;
				CLANG_WARN_BLOCK_CAPTURE_AUTORELEASING = YES;
				CLANG_WARN_BOOL_CONVERSION = YES;
				CLANG_WARN_COMMA = YES;
				CLANG_WARN_CONSTANT_CONVERSION = YES;
				CLANG_WARN_DEPRECATED_OBJC_IMPLEMENTATIONS = YES;
				CLANG_WARN_DIRECT_OBJC_ISA_USAGE = YES_ERROR;
				CLANG_WARN_DOCUMENTATION_COMMENTS = YES;
				CLANG_WARN_EMPTY_BODY = YES;
				CLANG_WARN_ENUM_CONVERSION = YES;
				CLANG_WARN_INFINITE_RECURSION = YES;
				CLANG_WARN_INT_CONVERSION = YES;
				CLANG_WARN_NON_LITERAL_NULL_CONVERSION = YES;
				CLANG_WARN_OBJC_IMPLICIT_RETAIN_SELF = YES;
				CLANG_WARN_OBJC_LITERAL_CONVERSION = YES;
				CLANG_WARN_OBJC_ROOT_CLASS = YES_ERROR;
				CLANG_WARN_QUOTED_INCLUDE_IN_FRAMEWORK_HEADER = YES;
				CLANG_WARN_RANGE_LOOP_ANALYSIS = YES;
				CLANG_WARN_STRICT_PROTOTYPES = YES;
				CLANG_WARN_SUSPICIOUS_MOVE = YES;
				CLANG_WARN_UNGUARDED_AVAILABILITY = YES_AGGRESSIVE;
				CLANG_WARN_UNREACHABLE_CODE = YES;
				CLANG_WARN__DUPLICATE_METHOD_MATCH = YES;
				COPY_PHASE_STRIP = NO;
				DEBUG_INFORMATION_FORMAT = dwarf;
				ENABLE_STRICT_OBJC_MSGSEND = YES;
				ENABLE_TESTABILITY = YES;
				ENABLE_USER_SCRIPT_SANDBOXING = YES;
				GCC_C_LANGUAGE_STANDARD = gnu17;
				GCC_DYNAMIC_NO_PIC = NO;
				GCC_NO_COMMON_BLOCKS = YES;
				GCC_OPTIMIZATION_LEVEL = 0;
				GCC_PREPROCESSOR_DEFINITIONS = (
					"DEBUG=1",
					"$(inherited)",
				);
				GCC_WARN_64_TO_32_BIT_CONVERSION = YES;
				GCC_WARN_ABOUT_RETURN_TYPE = YES_ERROR;
				GCC_WARN_UNDECLARED_SELECTOR = YES;
				GCC_WARN_UNINITIALIZED_AUTOS = YES_AGGRESSIVE;
				GCC_WARN_UNUSED_FUNCTION = YES;
				GCC_WARN_UNUSED_VARIABLE = YES;
				LOCALIZATION_PREFERS_STRING_CATALOGS = YES;
				MTL_ENABLE_DEBUG_INFO = INCLUDE_SOURCE;
				MTL_FAST_MATH = YES;
				ONLY_ACTIVE_ARCH = YES;
				SWIFT_ACTIVE_COMPILATION_CONDITIONS = "DEBUG $(inherited)";
				SWIFT_OPTIMIZATION_LEVEL = "-Onone";
			};
			name = Debug;
		};
		160B44362AFD965D00D478A8 /* Release */ = {
			isa = XCBuildConfiguration;
			buildSettings = {
				ALWAYS_SEARCH_USER_PATHS = NO;
				ASSETCATALOG_COMPILER_GENERATE_SWIFT_ASSET_SYMBOL_EXTENSIONS = YES;
				CLANG_ANALYZER_NONNULL = YES;
				CLANG_ANALYZER_NUMBER_OBJECT_CONVERSION = YES_AGGRESSIVE;
				CLANG_CXX_LANGUAGE_STANDARD = "gnu++20";
				CLANG_ENABLE_MODULES = YES;
				CLANG_ENABLE_OBJC_ARC = YES;
				CLANG_ENABLE_OBJC_WEAK = YES;
				CLANG_WARN_BLOCK_CAPTURE_AUTORELEASING = YES;
				CLANG_WARN_BOOL_CONVERSION = YES;
				CLANG_WARN_COMMA = YES;
				CLANG_WARN_CONSTANT_CONVERSION = YES;
				CLANG_WARN_DEPRECATED_OBJC_IMPLEMENTATIONS = YES;
				CLANG_WARN_DIRECT_OBJC_ISA_USAGE = YES_ERROR;
				CLANG_WARN_DOCUMENTATION_COMMENTS = YES;
				CLANG_WARN_EMPTY_BODY = YES;
				CLANG_WARN_ENUM_CONVERSION = YES;
				CLANG_WARN_INFINITE_RECURSION = YES;
				CLANG_WARN_INT_CONVERSION = YES;
				CLANG_WARN_NON_LITERAL_NULL_CONVERSION = YES;
				CLANG_WARN_OBJC_IMPLICIT_RETAIN_SELF = YES;
				CLANG_WARN_OBJC_LITERAL_CONVERSION = YES;
				CLANG_WARN_OBJC_ROOT_CLASS = YES_ERROR;
				CLANG_WARN_QUOTED_INCLUDE_IN_FRAMEWORK_HEADER = YES;
				CLANG_WARN_RANGE_LOOP_ANALYSIS = YES;
				CLANG_WARN_STRICT_PROTOTYPES = YES;
				CLANG_WARN_SUSPICIOUS_MOVE = YES;
				CLANG_WARN_UNGUARDED_AVAILABILITY = YES_AGGRESSIVE;
				CLANG_WARN_UNREACHABLE_CODE = YES;
				CLANG_WARN__DUPLICATE_METHOD_MATCH = YES;
				COPY_PHASE_STRIP = NO;
				DEBUG_INFORMATION_FORMAT = "dwarf-with-dsym";
				ENABLE_NS_ASSERTIONS = NO;
				ENABLE_STRICT_OBJC_MSGSEND = YES;
				ENABLE_USER_SCRIPT_SANDBOXING = YES;
				GCC_C_LANGUAGE_STANDARD = gnu17;
				GCC_NO_COMMON_BLOCKS = YES;
				GCC_WARN_64_TO_32_BIT_CONVERSION = YES;
				GCC_WARN_ABOUT_RETURN_TYPE = YES_ERROR;
				GCC_WARN_UNDECLARED_SELECTOR = YES;
				GCC_WARN_UNINITIALIZED_AUTOS = YES_AGGRESSIVE;
				GCC_WARN_UNUSED_FUNCTION = YES;
				GCC_WARN_UNUSED_VARIABLE = YES;
				LOCALIZATION_PREFERS_STRING_CATALOGS = YES;
				MTL_ENABLE_DEBUG_INFO = NO;
				MTL_FAST_MATH = YES;
				SWIFT_COMPILATION_MODE = wholemodule;
			};
			name = Release;
		};
		160B44382AFD965D00D478A8 /* Debug */ = {
			isa = XCBuildConfiguration;
			buildSettings = {
				ASSETCATALOG_COMPILER_APPICON_NAME = AppIcon;
				ASSETCATALOG_COMPILER_GLOBAL_ACCENT_COLOR_NAME = AccentColor;
				CODE_SIGN_ENTITLEMENTS = Diagnostics/Diagnostics.entitlements;
				CODE_SIGN_STYLE = Automatic;
				CURRENT_PROJECT_VERSION = 1;
				DEVELOPMENT_ASSET_PATHS = "\"Diagnostics/Preview Content\"";
				DEVELOPMENT_TEAM = JSGZDY54HP;
				ENABLE_HARDENED_RUNTIME = YES;
				ENABLE_PREVIEWS = YES;
				GENERATE_INFOPLIST_FILE = YES;
				"INFOPLIST_KEY_UIApplicationSceneManifest_Generation[sdk=iphoneos*]" = YES;
				"INFOPLIST_KEY_UIApplicationSceneManifest_Generation[sdk=iphonesimulator*]" = YES;
				"INFOPLIST_KEY_UIApplicationSupportsIndirectInputEvents[sdk=iphoneos*]" = YES;
				"INFOPLIST_KEY_UIApplicationSupportsIndirectInputEvents[sdk=iphonesimulator*]" = YES;
				"INFOPLIST_KEY_UILaunchScreen_Generation[sdk=iphoneos*]" = YES;
				"INFOPLIST_KEY_UILaunchScreen_Generation[sdk=iphonesimulator*]" = YES;
				"INFOPLIST_KEY_UIStatusBarStyle[sdk=iphoneos*]" = UIStatusBarStyleDefault;
				"INFOPLIST_KEY_UIStatusBarStyle[sdk=iphonesimulator*]" = UIStatusBarStyleDefault;
				INFOPLIST_KEY_UISupportedInterfaceOrientations_iPad = "UIInterfaceOrientationPortrait UIInterfaceOrientationPortraitUpsideDown UIInterfaceOrientationLandscapeLeft UIInterfaceOrientationLandscapeRight";
				INFOPLIST_KEY_UISupportedInterfaceOrientations_iPhone = "UIInterfaceOrientationPortrait UIInterfaceOrientationLandscapeLeft UIInterfaceOrientationLandscapeRight";
				IPHONEOS_DEPLOYMENT_TARGET = 17.0;
				LD_RUNPATH_SEARCH_PATHS = "@executable_path/Frameworks";
				"LD_RUNPATH_SEARCH_PATHS[sdk=macosx*]" = "@executable_path/../Frameworks";
				MACOSX_DEPLOYMENT_TARGET = 14.0;
				MARKETING_VERSION = 1.0;
				PRODUCT_BUNDLE_IDENTIFIER = com.argmax.Diagnostics;
				PRODUCT_NAME = "$(TARGET_NAME)";
				SDKROOT = auto;
				SUPPORTED_PLATFORMS = "iphoneos iphonesimulator macosx";
				SWIFT_EMIT_LOC_STRINGS = YES;
				SWIFT_VERSION = 5.0;
				TARGETED_DEVICE_FAMILY = "1,2";
			};
			name = Debug;
		};
		160B44392AFD965D00D478A8 /* Release */ = {
			isa = XCBuildConfiguration;
			buildSettings = {
				ASSETCATALOG_COMPILER_APPICON_NAME = AppIcon;
				ASSETCATALOG_COMPILER_GLOBAL_ACCENT_COLOR_NAME = AccentColor;
				CODE_SIGN_ENTITLEMENTS = Diagnostics/Diagnostics.entitlements;
				CODE_SIGN_STYLE = Automatic;
				CURRENT_PROJECT_VERSION = 1;
				DEVELOPMENT_ASSET_PATHS = "\"Diagnostics/Preview Content\"";
				DEVELOPMENT_TEAM = JSGZDY54HP;
				ENABLE_HARDENED_RUNTIME = YES;
				ENABLE_PREVIEWS = YES;
				GENERATE_INFOPLIST_FILE = YES;
				"INFOPLIST_KEY_UIApplicationSceneManifest_Generation[sdk=iphoneos*]" = YES;
				"INFOPLIST_KEY_UIApplicationSceneManifest_Generation[sdk=iphonesimulator*]" = YES;
				"INFOPLIST_KEY_UIApplicationSupportsIndirectInputEvents[sdk=iphoneos*]" = YES;
				"INFOPLIST_KEY_UIApplicationSupportsIndirectInputEvents[sdk=iphonesimulator*]" = YES;
				"INFOPLIST_KEY_UILaunchScreen_Generation[sdk=iphoneos*]" = YES;
				"INFOPLIST_KEY_UILaunchScreen_Generation[sdk=iphonesimulator*]" = YES;
				"INFOPLIST_KEY_UIStatusBarStyle[sdk=iphoneos*]" = UIStatusBarStyleDefault;
				"INFOPLIST_KEY_UIStatusBarStyle[sdk=iphonesimulator*]" = UIStatusBarStyleDefault;
				INFOPLIST_KEY_UISupportedInterfaceOrientations_iPad = "UIInterfaceOrientationPortrait UIInterfaceOrientationPortraitUpsideDown UIInterfaceOrientationLandscapeLeft UIInterfaceOrientationLandscapeRight";
				INFOPLIST_KEY_UISupportedInterfaceOrientations_iPhone = "UIInterfaceOrientationPortrait UIInterfaceOrientationLandscapeLeft UIInterfaceOrientationLandscapeRight";
				IPHONEOS_DEPLOYMENT_TARGET = 17.0;
				LD_RUNPATH_SEARCH_PATHS = "@executable_path/Frameworks";
				"LD_RUNPATH_SEARCH_PATHS[sdk=macosx*]" = "@executable_path/../Frameworks";
				MACOSX_DEPLOYMENT_TARGET = 14.0;
				MARKETING_VERSION = 1.0;
				PRODUCT_BUNDLE_IDENTIFIER = com.argmax.Diagnostics;
				PRODUCT_NAME = "$(TARGET_NAME)";
				SDKROOT = auto;
				SUPPORTED_PLATFORMS = "iphoneos iphonesimulator macosx";
				SWIFT_EMIT_LOC_STRINGS = YES;
				SWIFT_VERSION = 5.0;
				TARGETED_DEVICE_FAMILY = "1,2";
			};
			name = Release;
		};
		160B443B2AFD965D00D478A8 /* Debug */ = {
			isa = XCBuildConfiguration;
			buildSettings = {
				ALWAYS_EMBED_SWIFT_STANDARD_LIBRARIES = YES;
				BUNDLE_LOADER = "$(TEST_HOST)";
				CODE_SIGN_STYLE = Automatic;
				CURRENT_PROJECT_VERSION = 1;
				DEVELOPMENT_TEAM = JSGZDY54HP;
				GENERATE_INFOPLIST_FILE = YES;
				IPHONEOS_DEPLOYMENT_TARGET = 17.0;
				MACOSX_DEPLOYMENT_TARGET = 14.0;
				MARKETING_VERSION = 1.0;
				PRODUCT_BUNDLE_IDENTIFIER = com.argmax.DiagnosticsTests;
				PRODUCT_NAME = "$(TARGET_NAME)";
				SDKROOT = auto;
				SUPPORTED_PLATFORMS = "iphoneos iphonesimulator macosx";
				SWIFT_EMIT_LOC_STRINGS = NO;
				SWIFT_VERSION = 5.0;
				TARGETED_DEVICE_FAMILY = "1,2";
				TEST_HOST = "$(BUILT_PRODUCTS_DIR)/Diagnostics.app/$(BUNDLE_EXECUTABLE_FOLDER_PATH)/Diagnostics";
			};
			name = Debug;
		};
		160B443C2AFD965D00D478A8 /* Release */ = {
			isa = XCBuildConfiguration;
			buildSettings = {
				ALWAYS_EMBED_SWIFT_STANDARD_LIBRARIES = YES;
				BUNDLE_LOADER = "$(TEST_HOST)";
				CODE_SIGN_STYLE = Automatic;
				CURRENT_PROJECT_VERSION = 1;
				DEVELOPMENT_TEAM = JSGZDY54HP;
				GENERATE_INFOPLIST_FILE = YES;
				IPHONEOS_DEPLOYMENT_TARGET = 17.0;
				MACOSX_DEPLOYMENT_TARGET = 14.0;
				MARKETING_VERSION = 1.0;
				PRODUCT_BUNDLE_IDENTIFIER = com.argmax.DiagnosticsTests;
				PRODUCT_NAME = "$(TARGET_NAME)";
				SDKROOT = auto;
				SUPPORTED_PLATFORMS = "iphoneos iphonesimulator macosx";
				SWIFT_EMIT_LOC_STRINGS = NO;
				SWIFT_VERSION = 5.0;
				TARGETED_DEVICE_FAMILY = "1,2";
				TEST_HOST = "$(BUILT_PRODUCTS_DIR)/Diagnostics.app/$(BUNDLE_EXECUTABLE_FOLDER_PATH)/Diagnostics";
			};
			name = Release;
		};
		160B443E2AFD965D00D478A8 /* Debug */ = {
			isa = XCBuildConfiguration;
			buildSettings = {
				ALWAYS_EMBED_SWIFT_STANDARD_LIBRARIES = YES;
				CODE_SIGN_STYLE = Automatic;
				CURRENT_PROJECT_VERSION = 1;
				DEVELOPMENT_TEAM = JSGZDY54HP;
				GENERATE_INFOPLIST_FILE = YES;
				IPHONEOS_DEPLOYMENT_TARGET = 17.0;
				MACOSX_DEPLOYMENT_TARGET = 14.0;
				MARKETING_VERSION = 1.0;
				PRODUCT_BUNDLE_IDENTIFIER = com.argmax.DiagnosticsUITests;
				PRODUCT_NAME = "$(TARGET_NAME)";
				SDKROOT = auto;
				SUPPORTED_PLATFORMS = "iphoneos iphonesimulator macosx";
				SWIFT_EMIT_LOC_STRINGS = NO;
				SWIFT_VERSION = 5.0;
				TARGETED_DEVICE_FAMILY = "1,2";
				TEST_TARGET_NAME = Diagnostics;
			};
			name = Debug;
		};
		160B443F2AFD965D00D478A8 /* Release */ = {
			isa = XCBuildConfiguration;
			buildSettings = {
				ALWAYS_EMBED_SWIFT_STANDARD_LIBRARIES = YES;
				CODE_SIGN_STYLE = Automatic;
				CURRENT_PROJECT_VERSION = 1;
				DEVELOPMENT_TEAM = JSGZDY54HP;
				GENERATE_INFOPLIST_FILE = YES;
				IPHONEOS_DEPLOYMENT_TARGET = 17.0;
				MACOSX_DEPLOYMENT_TARGET = 14.0;
				MARKETING_VERSION = 1.0;
				PRODUCT_BUNDLE_IDENTIFIER = com.argmax.DiagnosticsUITests;
				PRODUCT_NAME = "$(TARGET_NAME)";
				SDKROOT = auto;
				SUPPORTED_PLATFORMS = "iphoneos iphonesimulator macosx";
				SWIFT_EMIT_LOC_STRINGS = NO;
				SWIFT_VERSION = 5.0;
				TARGETED_DEVICE_FAMILY = "1,2";
				TEST_TARGET_NAME = Diagnostics;
			};
			name = Release;
		};
/* End XCBuildConfiguration section */

/* Begin XCConfigurationList section */
		160B440B2AFD965B00D478A8 /* Build configuration list for PBXProject "Diagnostics" */ = {
			isa = XCConfigurationList;
			buildConfigurations = (
				160B44352AFD965D00D478A8 /* Debug */,
				160B44362AFD965D00D478A8 /* Release */,
			);
			defaultConfigurationIsVisible = 0;
			defaultConfigurationName = Release;
		};
		160B44372AFD965D00D478A8 /* Build configuration list for PBXNativeTarget "Diagnostics" */ = {
			isa = XCConfigurationList;
			buildConfigurations = (
				160B44382AFD965D00D478A8 /* Debug */,
				160B44392AFD965D00D478A8 /* Release */,
			);
			defaultConfigurationIsVisible = 0;
			defaultConfigurationName = Release;
		};
		160B443A2AFD965D00D478A8 /* Build configuration list for PBXNativeTarget "DiagnosticsTests" */ = {
			isa = XCConfigurationList;
			buildConfigurations = (
				160B443B2AFD965D00D478A8 /* Debug */,
				160B443C2AFD965D00D478A8 /* Release */,
			);
			defaultConfigurationIsVisible = 0;
			defaultConfigurationName = Release;
		};
		160B443D2AFD965D00D478A8 /* Build configuration list for PBXNativeTarget "DiagnosticsUITests" */ = {
			isa = XCConfigurationList;
			buildConfigurations = (
				160B443E2AFD965D00D478A8 /* Debug */,
				160B443F2AFD965D00D478A8 /* Release */,
			);
			defaultConfigurationIsVisible = 0;
			defaultConfigurationName = Release;
		};
/* End XCConfigurationList section */
	};
	rootObject = 160B44082AFD965B00D478A8 /* Project object */;
}
